
Microsoft Visual Studio Solution File, Format Version 12.00
# Visual Studio Version 17
VisualStudioVersion = 17.9.34728.123
MinimumVisualStudioVersion = 10.0.40219.1
Project("{9A19103F-16F7-4668-BE54-9A1E7A4F7556}") = "Switch", "Switch.csproj", "{D2A3CC76-77BC-4CCB-B01C-13632FDC93DC}"
EndProject
Global
	GlobalSection(SolutionConfigurationPlatforms) = preSolution
		Debug|Any CPU = Debug|Any CPU
		Release|Any CPU = Release|Any CPU
	EndGlobalSection
	GlobalSection(ProjectConfigurationPlatforms) = postSolution
		{D2A3CC76-77BC-4CCB-B01C-13632FDC93DC}.Debug|Any CPU.ActiveCfg = Debug|Any CPU
		{D2A3CC76-77BC-4CCB-B01C-13632FDC93DC}.Debug|Any CPU.Build.0 = Debug|Any CPU
		{D2A3CC76-77BC-4CCB-B01C-13632FDC93DC}.Release|Any CPU.ActiveCfg = Release|Any CPU
		{D2A3CC76-77BC-4CCB-B01C-13632FDC93DC}.Release|Any CPU.Build.0 = Release|Any CPU
	EndGlobalSection
	GlobalSection(SolutionProperties) = preSolution
		HideSolutionNode = FALSE
	EndGlobalSection
	GlobalSection(ExtensibilityGlobals) = postSolution
		SolutionGuid = {1A6EE9AF-80FF-476B-BDC5-7D5A2692ADC3}
	EndGlobalSection
EndGlobal
