
Microsoft Visual Studio Solution File, Format Version 12.00
# Visual Studio Version 17
VisualStudioVersion = 17.9.34728.123
MinimumVisualStudioVersion = 10.0.40219.1
Project("{FAE04EC0-301F-11D3-BF4B-00C04F79EFBC}") = "Консольное приложение", "Консольное приложение.csproj", "{3675E024-513B-4332-9EF0-2E72AE96CFFE}"
EndProject
Global
	GlobalSection(SolutionConfigurationPlatforms) = preSolution
		Debug|Any CPU = Debug|Any CPU
		Release|Any CPU = Release|Any CPU
	EndGlobalSection
	GlobalSection(ProjectConfigurationPlatforms) = postSolution
		{3675E024-513B-4332-9EF0-2E72AE96CFFE}.Debug|Any CPU.ActiveCfg = Debug|Any CPU
		{3675E024-513B-4332-9EF0-2E72AE96CFFE}.Debug|Any CPU.Build.0 = Debug|Any CPU
		{3675E024-513B-4332-9EF0-2E72AE96CFFE}.Release|Any CPU.ActiveCfg = Release|Any CPU
		{3675E024-513B-4332-9EF0-2E72AE96CFFE}.Release|Any CPU.Build.0 = Release|Any CPU
	EndGlobalSection
	GlobalSection(SolutionProperties) = preSolution
		HideSolutionNode = FALSE
	EndGlobalSection
	GlobalSection(ExtensibilityGlobals) = postSolution
		SolutionGuid = {52F9B7F0-2077-423B-903D-033B4F70FD3E}
	EndGlobalSection
EndGlobal
